# THIS IS AN AUTOGENERATED FILE. DO NOT EDIT THIS FILE DIRECTLY.
# yarn lockfile v1


"@babel/runtime@^7.10.5", "@babel/runtime@^7.7.2":
  version "7.14.5"
  resolved "https://registry.nlark.com/@babel/runtime/download/@babel/runtime-7.14.5.tgz?cache=0&sync_timestamp=1623280413156&other_urls=https%3A%2F%2Fregistry.nlark.com%2F%40babel%2Fruntime%2Fdownload%2F%40babel%2Fruntime-7.14.5.tgz#665450911c6031af38f81db530f387ec04cd9a98"
  integrity sha1-ZlRQkRxgMa84+B21MPOH7ATNmpg=
  dependencies:
    regenerator-runtime "^0.13.4"

import-html-entry@^1.9.0:
  version "1.11.1"
  resolved "https://registry.npm.taobao.org/import-html-entry/download/import-html-entry-1.11.1.tgz#3d8c5977926bdd122ab8e658965c102068b4af8d"
  integrity sha1-PYxZd5Jr3RIquOZYllwQIGi0r40=
  dependencies:
    "@babel/runtime" "^7.7.2"

lodash@^4.17.11:
  version "4.17.21"
  resolved "https://registry.npm.taobao.org/lodash/download/lodash-4.17.21.tgz#679591c564c3bffaae8454cf0b3df370c3d6911c"
  integrity sha1-Z5WRxWTDv/quhFTPCz3zcMPWkRw=

qiankun@^2.4.2:
  version "2.4.2"
  resolved "https://registry.nlark.com/qiankun/download/qiankun-2.4.2.tgz#fa2ba2a99d24911930fcb6dc5a93fa3950275c47"
  integrity sha1-+iuiqZ0kkRkw/LbcWpP6OVAnXEc=
  dependencies:
    "@babel/runtime" "^7.10.5"
    import-html-entry "^1.9.0"
    lodash "^4.17.11"
    single-spa "^5.9.2"
    tslib "^1.10.0"

regenerator-runtime@^0.13.4:
  version "0.13.7"
  resolved "https://registry.npm.taobao.org/regenerator-runtime/download/regenerator-runtime-0.13.7.tgz#cac2dacc8a1ea675feaabaeb8ae833898ae46f55"
  integrity sha1-ysLazIoepnX+qrrriugziYrkb1U=

single-spa@^5.9.2:
  version "5.9.3"
  resolved "https://registry.nlark.com/single-spa/download/single-spa-5.9.3.tgz?cache=0&sync_timestamp=1620959667207&other_urls=https%3A%2F%2Fregistry.nlark.com%2Fsingle-spa%2Fdownload%2Fsingle-spa-5.9.3.tgz#2d151cbb3b273629a5b27b30a3b8ca847dcba4c5"
  integrity sha1-LRUcuzsnNimlsnswo7jKhH3LpMU=

tslib@^1.10.0:
  version "1.14.1"
  resolved "https://registry.npm.taobao.org/tslib/download/tslib-1.14.1.tgz#cf2d38bdc34a134bcaf1091c41f6619e2f672d00"
  integrity sha1-zy04vcNKE0vK8QkcQfZhni9nLQA=
